{
  "nodes": {
    "nixpkgs": {
      "locked": {
        "lastModified": 1712166012,
        "narHash": "sha256-+KAtGDGsWicwH8Cce77UNZ1r5TUPkxF1HS4pVGteau0=",
        "owner": "nixos",
        "repo": "nixpkgs",
        "rev": "8dab54e2b3c4d0c946e1a24cad6bf23e552b2b36",
        "type": "github"
      },
      "original": {
        "owner": "nixos",
        "repo": "nixpkgs",
        "type": "github"
      }
    },
    "root": {
      "inputs": {
        "nixpkgs": "nixpkgs"
      }
    }
  },
  "root": "root",
  "version": 7
}
