{
  "nodes": {
    "nixpkgs": {
      "locked": {
        "lastModified": 1711390674,
        "narHash": "sha256-UOxzG2+krpuoZhZaLszQw+ZjfXAZ25hRqhBiMcdg43k=",
        "owner": "nixos",
        "repo": "nixpkgs",
        "rev": "8df8ddf5da0f1d5a7b796fa6c3123e8263199e90",
        "type": "github"
      },
      "original": {
        "owner": "nixos",
        "ref": "release-23.11",
        "repo": "nixpkgs",
        "type": "github"
      }
    },
    "root": {
      "inputs": {
        "nixpkgs": "nixpkgs"
      }
    }
  },
  "root": "root",
  "version": 7
}
